# THIS IS AN AUTOGENERATED FILE. DO NOT EDIT THIS FILE DIRECTLY.
# yarn lockfile v1


ky@^0.23.0:
  version "0.23.0"
  resolved "https://registry.yarnpkg.com/ky/-/ky-0.23.0.tgz#54c2f3fa9003d591cb2f368384e6c84795a92e64"
  integrity sha512-+t2CbQsLmpN3HeYPBxN+VbZqBOd86njF3cvnueC77pJKVHRjiMI0Ac+pfkB8e17Bw1dGHbMk9hrHst9Bw7ndgw==

typescript@^4.0.3:
  version "4.0.3"
  resolved "https://registry.yarnpkg.com/typescript/-/typescript-4.0.3.tgz#153bbd468ef07725c1df9c77e8b453f8d36abba5"
  integrity sha512-tEu6DGxGgRJPb/mVPIZ48e69xCn2yRmCgYmDugAVwmJ6o+0u1RI18eO7E7WBTLYLaEVVOhwQmcdhQHweux/WPg==
